
Microsoft Visual Studio Solution File, Format Version 11.00
# Visual Studio 2010
Project("{8BC9CEB8-8B4A-11D0-8D11-00A0C91BC942}") = "Qt_Opengl_Framework", "Qt_Opengl_Framework\Qt_Opengl_Framework.vcxproj", "{7BA73ACB-51D6-46B6-9F1C-811D59EEF25F}"
EndProject
Global
	GlobalSection(SolutionConfigurationPlatforms) = preSolution
		Debug|Win32 = Debug|Win32
		Release|Win32 = Release|Win32
	EndGlobalSection
	GlobalSection(ProjectConfigurationPlatforms) = postSolution
		{7BA73ACB-51D6-46B6-9F1C-811D59EEF25F}.Debug|Win32.ActiveCfg = Debug|Win32
		{7BA73ACB-51D6-46B6-9F1C-811D59EEF25F}.Debug|Win32.Build.0 = Debug|Win32
		{7BA73ACB-51D6-46B6-9F1C-811D59EEF25F}.Release|Win32.ActiveCfg = Release|Win32
		{7BA73ACB-51D6-46B6-9F1C-811D59EEF25F}.Release|Win32.Build.0 = Release|Win32
	EndGlobalSection
	GlobalSection(SolutionProperties) = preSolution
		HideSolutionNode = FALSE
	EndGlobalSection
EndGlobal
